<?xml version="1.0" encoding="utf-8"?>
<Project ToolsVersion="4.0" xmlns="http://schemas.microsoft.com/developer/msbuild/2003">
  <ItemGroup>
    <ClCompile Include="pch.cpp" />
    <ClCompile Include="WorldTests.cpp">
      <Filter>Tests</Filter>
    </ClCompile>
    <ClCompile Include="SparseMapTests.cpp">
      <Filter>Tests</Filter>
    </ClCompile>
    <ClCompile Include="EntitiesPoolTests.cpp">
      <Filter>Tests</Filter>
    </ClCompile>
  </ItemGroup>
  <ItemGroup>
    <ClInclude Include="pch.h" />
  </ItemGroup>
  <ItemGroup>
    <Filter Include="Tests">
      <UniqueIdentifier>{3fca81bd-a76e-4825-bb67-f3b1972cded2}</UniqueIdentifier>
    </Filter>
  </ItemGroup>
  <ItemGroup>
    <None Include="packages.config" />
  </ItemGroup>
</Project>