<?xml version="1.0" encoding="utf-8"?>
<Project ToolsVersion="4.0" xmlns="http://schemas.microsoft.com/developer/msbuild/2003">
  <ItemGroup>
    <Filter Include="Source Files">
      <UniqueIdentifier>{4FC737F1-C7A5-4376-A066-2A32D752A2FF}</UniqueIdentifier>
      <Extensions>cpp;c;cc;cxx;c++;cppm;ixx;def;odl;idl;hpj;bat;asm;asmx</Extensions>
    </Filter>
    <Filter Include="Header Files">
      <UniqueIdentifier>{93995380-89BD-4b04-88EB-625FBE52EBFB}</UniqueIdentifier>
      <Extensions>h;hh;hpp;hxx;h++;hm;inl;inc;ipp;xsd</Extensions>
    </Filter>
    <Filter Include="Resource Files">
      <UniqueIdentifier>{67DA6AB6-F800-4c08-8B7A-83BB121AAD01}</UniqueIdentifier>
      <Extensions>rc;ico;cur;bmp;dlg;rc2;rct;bin;rgs;gif;jpg;jpeg;jpe;resx;tiff;tif;png;wav;mfcribbon-ms</Extensions>
    </Filter>
    <Filter Include="Header Files\Interfaces">
      <UniqueIdentifier>{8ce52647-e54f-46d4-a764-be36cff61446}</UniqueIdentifier>
    </Filter>
    <Filter Include="Header Files\DX11Implementation">
      <UniqueIdentifier>{eca99edb-8740-4d84-bea5-6756ee13ce86}</UniqueIdentifier>
    </Filter>
    <Filter Include="Source Files\DX11Implementation">
      <UniqueIdentifier>{e81a238c-0284-467c-acd9-0cb0f1b028d9}</UniqueIdentifier>
    </Filter>
  </ItemGroup>
  <ItemGroup>
    <ClInclude Include="framework.h">
      <Filter>Header Files</Filter>
    </ClInclude>
    <ClInclude Include="pch.h">
      <Filter>Header Files</Filter>
    </ClInclude>
    <ClInclude Include="Viewport.h">
      <Filter>Header Files</Filter>
    </ClInclude>
    <ClInclude Include="IGPUBuffer.h">
      <Filter>Header Files\Interfaces</Filter>
    </ClInclude>
    <ClInclude Include="IGPUDevice.h">
      <Filter>Header Files\Interfaces</Filter>
    </ClInclude>
    <ClInclude Include="DX11GPUByteCode.h">
      <Filter>Header Files\DX11Implementation</Filter>
    </ClInclude>
    <ClInclude Include="DX11Headers.h">
      <Filter>Header Files\DX11Implementation</Filter>
    </ClInclude>
    <ClInclude Include="DX11Helper.h">
      <Filter>Header Files\DX11Implementation</Filter>
    </ClInclude>
    <ClInclude Include="DX11GPUBuffer.h">
      <Filter>Header Files\DX11Implementation</Filter>
    </ClInclude>
    <ClInclude Include="DX11GPUContext.h">
      <Filter>Header Files\DX11Implementation</Filter>
    </ClInclude>
    <ClInclude Include="DX11GPUDepthState.h">
      <Filter>Header Files\DX11Implementation</Filter>
    </ClInclude>
    <ClInclude Include="DX11GPUDevice.h">
      <Filter>Header Files\DX11Implementation</Filter>
    </ClInclude>
    <ClInclude Include="DX11GPUPixelShader.h">
      <Filter>Header Files\DX11Implementation</Filter>
    </ClInclude>
    <ClInclude Include="DX11GPURasterizerState.h">
      <Filter>Header Files\DX11Implementation</Filter>
    </ClInclude>
    <ClInclude Include="DX11GPUSampler.h">
      <Filter>Header Files\DX11Implementation</Filter>
    </ClInclude>
    <ClInclude Include="DX11GPUShadersCompiler.h">
      <Filter>Header Files\DX11Implementation</Filter>
    </ClInclude>
    <ClInclude Include="DX11GPUSwapChain.h">
      <Filter>Header Files\DX11Implementation</Filter>
    </ClInclude>
    <ClInclude Include="DX11GPUTexture2D.h">
      <Filter>Header Files\DX11Implementation</Filter>
    </ClInclude>
    <ClInclude Include="DX11GPUVertexShader.h">
      <Filter>Header Files\DX11Implementation</Filter>
    </ClInclude>
    <ClInclude Include="GPUPixelFormat.h">
      <Filter>Header Files</Filter>
    </ClInclude>
    <ClInclude Include="GPUEnums.h">
      <Filter>Header Files</Filter>
    </ClInclude>
    <ClInclude Include="IGPUDepthState.h">
      <Filter>Header Files\Interfaces</Filter>
    </ClInclude>
    <ClInclude Include="IGPURasterizerState.h">
      <Filter>Header Files\Interfaces</Filter>
    </ClInclude>
    <ClInclude Include="IGPUSampler.h">
      <Filter>Header Files\Interfaces</Filter>
    </ClInclude>
    <ClInclude Include="IGPUSwapChain.h">
      <Filter>Header Files\Interfaces</Filter>
    </ClInclude>
    <ClInclude Include="IGPUTextureView.h">
      <Filter>Header Files\Interfaces</Filter>
    </ClInclude>
    <ClInclude Include="IGPUTexture2D.h">
      <Filter>Header Files\Interfaces</Filter>
    </ClInclude>
    <ClInclude Include="DX11GPUTextureView.h">
      <Filter>Header Files\DX11Implementation</Filter>
    </ClInclude>
  </ItemGroup>
  <ItemGroup>
    <ClCompile Include="pch.cpp">
      <Filter>Source Files</Filter>
    </ClCompile>
    <ClCompile Include="DX11GPUBuffer.cpp">
      <Filter>Source Files\DX11Implementation</Filter>
    </ClCompile>
    <ClCompile Include="DX11GPUContext.cpp">
      <Filter>Source Files\DX11Implementation</Filter>
    </ClCompile>
    <ClCompile Include="DX11GPUDepthState.cpp">
      <Filter>Source Files\DX11Implementation</Filter>
    </ClCompile>
    <ClCompile Include="DX11GPUDevice.cpp">
      <Filter>Source Files\DX11Implementation</Filter>
    </ClCompile>
    <ClCompile Include="DX11GPUPixelShader.cpp">
      <Filter>Source Files\DX11Implementation</Filter>
    </ClCompile>
    <ClCompile Include="DX11GPURasterizerState.cpp">
      <Filter>Source Files\DX11Implementation</Filter>
    </ClCompile>
    <ClCompile Include="DX11GPUSampler.cpp">
      <Filter>Source Files\DX11Implementation</Filter>
    </ClCompile>
    <ClCompile Include="DX11GPUSwapChain.cpp">
      <Filter>Source Files\DX11Implementation</Filter>
    </ClCompile>
    <ClCompile Include="DX11GPUTexture2D.cpp">
      <Filter>Source Files\DX11Implementation</Filter>
    </ClCompile>
    <ClCompile Include="DX11GPUVertexShader.cpp">
      <Filter>Source Files\DX11Implementation</Filter>
    </ClCompile>
    <ClCompile Include="DX11GPUByteCode.cpp">
      <Filter>Source Files\DX11Implementation</Filter>
    </ClCompile>
    <ClCompile Include="DX11GPUShadersCompiler.cpp">
      <Filter>Source Files\DX11Implementation</Filter>
    </ClCompile>
  </ItemGroup>
</Project>