<?xml version="1.0" encoding="utf-8"?>
<Project ToolsVersion="4.0" xmlns="http://schemas.microsoft.com/developer/msbuild/2003">
  <ItemGroup>
    <ClCompile Include="pch.cpp" />
    <ClCompile Include="ReflectorTests.cpp">
      <Filter>Tests</Filter>
    </ClCompile>
    <ClCompile Include="TypeTests.cpp">
      <Filter>Tests</Filter>
    </ClCompile>
    <ClCompile Include="FieldTests.cpp">
      <Filter>Tests</Filter>
    </ClCompile>
  </ItemGroup>
  <ItemGroup>
    <ClInclude Include="pch.h" />
    <ClInclude Include="Preregistration.h" />
  </ItemGroup>
  <ItemGroup>
    <None Include="packages.config" />
  </ItemGroup>
  <ItemGroup>
    <Filter Include="Tests">
      <UniqueIdentifier>{89401a66-1afc-4cf0-99e7-3d13da8b8f56}</UniqueIdentifier>
    </Filter>
  </ItemGroup>
</Project>