<?xml version="1.0" encoding="utf-8"?>
<Project ToolsVersion="4.0" xmlns="http://schemas.microsoft.com/developer/msbuild/2003">
  <ItemGroup>
    <Filter Include="Source Files">
      <UniqueIdentifier>{4FC737F1-C7A5-4376-A066-2A32D752A2FF}</UniqueIdentifier>
      <Extensions>cpp;c;cc;cxx;c++;cppm;ixx;def;odl;idl;hpj;bat;asm;asmx</Extensions>
    </Filter>
    <Filter Include="Header Files">
      <UniqueIdentifier>{93995380-89BD-4b04-88EB-625FBE52EBFB}</UniqueIdentifier>
      <Extensions>h;hh;hpp;hxx;h++;hm;inl;inc;ipp;xsd</Extensions>
    </Filter>
    <Filter Include="Resource Files">
      <UniqueIdentifier>{67DA6AB6-F800-4c08-8B7A-83BB121AAD01}</UniqueIdentifier>
      <Extensions>rc;ico;cur;bmp;dlg;rc2;rct;bin;rgs;gif;jpg;jpeg;jpe;resx;tiff;tif;png;wav;mfcribbon-ms</Extensions>
    </Filter>
    <Filter Include="Header Files\DX11">
      <UniqueIdentifier>{14cff9bc-2370-425e-8484-b911cf3c1179}</UniqueIdentifier>
    </Filter>
    <Filter Include="Shaders">
      <UniqueIdentifier>{b87deada-9d0b-46a0-ba8d-d4b241de75b2}</UniqueIdentifier>
    </Filter>
    <Filter Include="Header Files\Components">
      <UniqueIdentifier>{6fdb202e-f372-4778-947b-4030f190c9f8}</UniqueIdentifier>
    </Filter>
    <Filter Include="Header Files\DX11\RenderPasses">
      <UniqueIdentifier>{c2353d62-4f70-4547-8be2-06c8020e6b8f}</UniqueIdentifier>
    </Filter>
    <Filter Include="Header Files\DX11\RenderPasses\Light">
      <UniqueIdentifier>{58d0208c-7bca-4e91-93f3-b3dac95c28e3}</UniqueIdentifier>
    </Filter>
    <Filter Include="Source Files\DX11">
      <UniqueIdentifier>{76ac7d6c-7247-4e6c-8ddc-8c49c054cc17}</UniqueIdentifier>
    </Filter>
    <Filter Include="Source Files\DX11\RenderPasses">
      <UniqueIdentifier>{093dce17-be03-4586-a2fb-6b54f8e659ed}</UniqueIdentifier>
    </Filter>
    <Filter Include="Source Files\DX11\RenderPasses\Light">
      <UniqueIdentifier>{2770d066-e108-42cd-92ff-9a9e9c629236}</UniqueIdentifier>
    </Filter>
  </ItemGroup>
  <ItemGroup>
    <ClInclude Include="framework.h">
      <Filter>Header Files</Filter>
    </ClInclude>
    <ClInclude Include="pch.h">
      <Filter>Header Files</Filter>
    </ClInclude>
    <ClInclude Include="DX11RenderContext.h">
      <Filter>Header Files\DX11</Filter>
    </ClInclude>
    <ClInclude Include="DX11GBuffer.h">
      <Filter>Header Files\DX11</Filter>
    </ClInclude>
    <ClInclude Include="DX11TextureScaler.h">
      <Filter>Header Files\DX11</Filter>
    </ClInclude>
    <ClInclude Include="Material.h">
      <Filter>Header Files</Filter>
    </ClInclude>
    <ClInclude Include="DX11RenderDataComponents.h">
      <Filter>Header Files\DX11</Filter>
    </ClInclude>
    <ClInclude Include="AmbientLightComponent.h">
      <Filter>Header Files\Components</Filter>
    </ClInclude>
    <ClInclude Include="DirectionalLightComponent.h">
      <Filter>Header Files\Components</Filter>
    </ClInclude>
    <ClInclude Include="CameraUtils.h">
      <Filter>Header Files</Filter>
    </ClInclude>
    <ClInclude Include="DX11RenderPassBase.h">
      <Filter>Header Files\DX11\RenderPasses</Filter>
    </ClInclude>
    <ClInclude Include="DX11GeometryPass.h">
      <Filter>Header Files\DX11\RenderPasses</Filter>
    </ClInclude>
    <ClInclude Include="DX11ShaderHelper.h">
      <Filter>Header Files\DX11</Filter>
    </ClInclude>
    <ClInclude Include="DX11RasterizerStates.h">
      <Filter>Header Files\DX11</Filter>
    </ClInclude>
    <ClInclude Include="DX11DepthStates.h">
      <Filter>Header Files\DX11</Filter>
    </ClInclude>
    <ClInclude Include="DX11AmbientLightPass.h">
      <Filter>Header Files\DX11\RenderPasses\Light</Filter>
    </ClInclude>
    <ClInclude Include="DX11DirectionalLightPass.h">
      <Filter>Header Files\DX11\RenderPasses\Light</Filter>
    </ClInclude>
    <ClInclude Include="DX11LightPass.h">
      <Filter>Header Files\DX11\RenderPasses\Light</Filter>
    </ClInclude>
    <ClInclude Include="DX11TonePass.h">
      <Filter>Header Files\DX11\RenderPasses</Filter>
    </ClInclude>
    <ClInclude Include="CameraComponent.h">
      <Filter>Header Files\Components</Filter>
    </ClInclude>
    <ClInclude Include="RenderComponent.h">
      <Filter>Header Files\Components</Filter>
    </ClInclude>
    <ClInclude Include="DX11DebugPass.h">
      <Filter>Header Files\DX11\RenderPasses</Filter>
    </ClInclude>
    <ClInclude Include="LineComponent.h">
      <Filter>Header Files\Components</Filter>
    </ClInclude>
    <ClInclude Include="Colors.h">
      <Filter>Header Files</Filter>
    </ClInclude>
    <ClInclude Include="DebugUtils.h">
      <Filter>Header Files</Filter>
    </ClInclude>
    <ClInclude Include="Line.h">
      <Filter>Header Files</Filter>
    </ClInclude>
    <ClInclude Include="DX11PointLightPass.h">
      <Filter>Header Files\DX11\RenderPasses\Light</Filter>
    </ClInclude>
    <ClInclude Include="PointLightComponent.h">
      <Filter>Header Files\Components</Filter>
    </ClInclude>
    <ClInclude Include="DX11Renderer.h">
      <Filter>Header Files\DX11</Filter>
    </ClInclude>
  </ItemGroup>
  <ItemGroup>
    <ClCompile Include="pch.cpp">
      <Filter>Source Files</Filter>
    </ClCompile>
    <ClCompile Include="CameraUtils.cpp">
      <Filter>Source Files</Filter>
    </ClCompile>
    <ClCompile Include="DX11DepthStates.cpp">
      <Filter>Source Files\DX11</Filter>
    </ClCompile>
    <ClCompile Include="DX11GBuffer.cpp">
      <Filter>Source Files\DX11</Filter>
    </ClCompile>
    <ClCompile Include="DX11RasterizerStates.cpp">
      <Filter>Source Files\DX11</Filter>
    </ClCompile>
    <ClCompile Include="DX11RenderContext.cpp">
      <Filter>Source Files\DX11</Filter>
    </ClCompile>
    <ClCompile Include="DX11ShaderHelper.cpp">
      <Filter>Source Files\DX11</Filter>
    </ClCompile>
    <ClCompile Include="DX11TextureScaler.cpp">
      <Filter>Source Files\DX11</Filter>
    </ClCompile>
    <ClCompile Include="DX11GeometryPass.cpp">
      <Filter>Source Files\DX11\RenderPasses</Filter>
    </ClCompile>
    <ClCompile Include="DX11TonePass.cpp">
      <Filter>Source Files\DX11\RenderPasses</Filter>
    </ClCompile>
    <ClCompile Include="DX11LightPass.cpp">
      <Filter>Source Files\DX11\RenderPasses\Light</Filter>
    </ClCompile>
    <ClCompile Include="DX11DirectionalLightPass.cpp">
      <Filter>Source Files\DX11\RenderPasses\Light</Filter>
    </ClCompile>
    <ClCompile Include="DX11AmbientLightPass.cpp">
      <Filter>Source Files\DX11\RenderPasses\Light</Filter>
    </ClCompile>
    <ClCompile Include="Colors.cpp">
      <Filter>Source Files</Filter>
    </ClCompile>
    <ClCompile Include="DX11DebugPass.cpp">
      <Filter>Source Files\DX11\RenderPasses</Filter>
    </ClCompile>
    <ClCompile Include="DebugUtils.cpp">
      <Filter>Source Files</Filter>
    </ClCompile>
    <ClCompile Include="DX11PointLightPass.cpp">
      <Filter>Source Files\DX11\RenderPasses\Light</Filter>
    </ClCompile>
    <ClCompile Include="DX11RenderPassBase.cpp">
      <Filter>Source Files\DX11\RenderPasses</Filter>
    </ClCompile>
  </ItemGroup>
  <ItemGroup>
    <FxCompile Include="Content\GeometryPass.hlsl">
      <Filter>Shaders</Filter>
    </FxCompile>
    <FxCompile Include="Content\TonePass.hlsl">
      <Filter>Shaders</Filter>
    </FxCompile>
    <FxCompile Include="Content\AmbientLightPass.hlsl">
      <Filter>Shaders</Filter>
    </FxCompile>
    <FxCompile Include="Content\GBuffer.hlsl">
      <Filter>Shaders</Filter>
    </FxCompile>
    <FxCompile Include="Content\DirectionalLightPass.hlsl">
      <Filter>Shaders</Filter>
    </FxCompile>
    <FxCompile Include="Content\DebugPass.hlsl">
      <Filter>Shaders</Filter>
    </FxCompile>
    <FxCompile Include="Content\PointLightPass.hlsl">
      <Filter>Shaders</Filter>
    </FxCompile>
  </ItemGroup>
</Project>