<?xml version="1.0" encoding="utf-8"?>
<Project ToolsVersion="4.0" xmlns="http://schemas.microsoft.com/developer/msbuild/2003">
  <ItemGroup>
    <Filter Include="Source Files">
      <UniqueIdentifier>{4FC737F1-C7A5-4376-A066-2A32D752A2FF}</UniqueIdentifier>
      <Extensions>cpp;c;cc;cxx;c++;cppm;ixx;def;odl;idl;hpj;bat;asm;asmx</Extensions>
    </Filter>
    <Filter Include="Header Files">
      <UniqueIdentifier>{93995380-89BD-4b04-88EB-625FBE52EBFB}</UniqueIdentifier>
      <Extensions>h;hh;hpp;hxx;h++;hm;inl;inc;ipp;xsd</Extensions>
    </Filter>
    <Filter Include="Resource Files">
      <UniqueIdentifier>{67DA6AB6-F800-4c08-8B7A-83BB121AAD01}</UniqueIdentifier>
      <Extensions>rc;ico;cur;bmp;dlg;rc2;rct;bin;rgs;gif;jpg;jpeg;jpe;resx;tiff;tif;png;wav;mfcribbon-ms</Extensions>
    </Filter>
    <Filter Include="Header Files\DX11">
      <UniqueIdentifier>{14cff9bc-2370-425e-8484-b911cf3c1179}</UniqueIdentifier>
    </Filter>
    <Filter Include="Shaders">
      <UniqueIdentifier>{b87deada-9d0b-46a0-ba8d-d4b241de75b2}</UniqueIdentifier>
    </Filter>
    <Filter Include="Header Files\Components">
      <UniqueIdentifier>{6fdb202e-f372-4778-947b-4030f190c9f8}</UniqueIdentifier>
    </Filter>
    <Filter Include="Header Files\DX11\RenderPasses">
      <UniqueIdentifier>{c2353d62-4f70-4547-8be2-06c8020e6b8f}</UniqueIdentifier>
    </Filter>
    <Filter Include="Source Files\DX11">
      <UniqueIdentifier>{76ac7d6c-7247-4e6c-8ddc-8c49c054cc17}</UniqueIdentifier>
    </Filter>
    <Filter Include="Source Files\DX11\RenderPasses">
      <UniqueIdentifier>{093dce17-be03-4586-a2fb-6b54f8e659ed}</UniqueIdentifier>
    </Filter>
    <Filter Include="Header Files\DX11\RenderPasses\Tick">
      <UniqueIdentifier>{55d10665-e3a9-4195-aee8-bc6f1c858b36}</UniqueIdentifier>
    </Filter>
    <Filter Include="Header Files\DX11\RenderPasses\Frame">
      <UniqueIdentifier>{19d80008-47be-49c6-89eb-91b90a34c0c2}</UniqueIdentifier>
    </Filter>
    <Filter Include="Header Files\DX11\Components">
      <UniqueIdentifier>{3d50ea12-da54-4f05-9da1-284e9d9b6dfe}</UniqueIdentifier>
    </Filter>
    <Filter Include="Header Files\DX11\RenderPasses\Frame\Light">
      <UniqueIdentifier>{d6c07d6d-c0d0-424e-8d1a-04e1745c05d4}</UniqueIdentifier>
    </Filter>
    <Filter Include="Header Files\DX11\RenderPasses\Tick\Light">
      <UniqueIdentifier>{df828ee9-8487-4378-ae9b-9c62a98ea354}</UniqueIdentifier>
    </Filter>
    <Filter Include="Source Files\DX11\RenderPasses\Tick">
      <UniqueIdentifier>{c066f023-f990-4431-af2d-43524fa03f35}</UniqueIdentifier>
    </Filter>
    <Filter Include="Source Files\DX11\RenderPasses\Frame">
      <UniqueIdentifier>{a087a858-d72c-4473-99ba-2fc322a1709a}</UniqueIdentifier>
    </Filter>
    <Filter Include="Source Files\DX11\RenderPasses\Frame\Light">
      <UniqueIdentifier>{31b0c987-5616-4ce1-a250-d22977ae6e7c}</UniqueIdentifier>
    </Filter>
    <Filter Include="Source Files\DX11\RenderPasses\Tick\Light">
      <UniqueIdentifier>{5732ea77-8449-4707-b600-49988f114a5a}</UniqueIdentifier>
    </Filter>
  </ItemGroup>
  <ItemGroup>
    <ClInclude Include="framework.h">
      <Filter>Header Files</Filter>
    </ClInclude>
    <ClInclude Include="pch.h">
      <Filter>Header Files</Filter>
    </ClInclude>
    <ClInclude Include="DX11RenderContext.h">
      <Filter>Header Files\DX11</Filter>
    </ClInclude>
    <ClInclude Include="DX11GBuffer.h">
      <Filter>Header Files\DX11</Filter>
    </ClInclude>
    <ClInclude Include="DX11TextureScaler.h">
      <Filter>Header Files\DX11</Filter>
    </ClInclude>
    <ClInclude Include="Material.h">
      <Filter>Header Files</Filter>
    </ClInclude>
    <ClInclude Include="DX11RenderDataComponents.h">
      <Filter>Header Files\DX11</Filter>
    </ClInclude>
    <ClInclude Include="AmbientLightComponent.h">
      <Filter>Header Files\Components</Filter>
    </ClInclude>
    <ClInclude Include="DirectionalLightComponent.h">
      <Filter>Header Files\Components</Filter>
    </ClInclude>
    <ClInclude Include="CameraUtils.h">
      <Filter>Header Files</Filter>
    </ClInclude>
    <ClInclude Include="DX11ShaderHelper.h">
      <Filter>Header Files\DX11</Filter>
    </ClInclude>
    <ClInclude Include="DX11RasterizerStates.h">
      <Filter>Header Files\DX11</Filter>
    </ClInclude>
    <ClInclude Include="DX11DepthStates.h">
      <Filter>Header Files\DX11</Filter>
    </ClInclude>
    <ClInclude Include="CameraComponent.h">
      <Filter>Header Files\Components</Filter>
    </ClInclude>
    <ClInclude Include="RenderComponent.h">
      <Filter>Header Files\Components</Filter>
    </ClInclude>
    <ClInclude Include="LineComponent.h">
      <Filter>Header Files\Components</Filter>
    </ClInclude>
    <ClInclude Include="Colors.h">
      <Filter>Header Files</Filter>
    </ClInclude>
    <ClInclude Include="DebugUtils.h">
      <Filter>Header Files</Filter>
    </ClInclude>
    <ClInclude Include="Line.h">
      <Filter>Header Files</Filter>
    </ClInclude>
    <ClInclude Include="PointLightComponent.h">
      <Filter>Header Files\Components</Filter>
    </ClInclude>
    <ClInclude Include="DX11RenderPassSystemBase.h">
      <Filter>Header Files\DX11\RenderPasses</Filter>
    </ClInclude>
    <ClInclude Include="DX11GeometryPassFrameSystem.h">
      <Filter>Header Files\DX11\RenderPasses\Frame</Filter>
    </ClInclude>
    <ClInclude Include="DX11GeometryPassTickSystem.h">
      <Filter>Header Files\DX11\RenderPasses\Tick</Filter>
    </ClInclude>
    <ClInclude Include="DX11TonePassTickSystem.h">
      <Filter>Header Files\DX11\RenderPasses\Tick</Filter>
    </ClInclude>
    <ClInclude Include="DX11DebugPassFrameSystem.h">
      <Filter>Header Files\DX11\RenderPasses\Frame</Filter>
    </ClInclude>
    <ClInclude Include="DX11DebugPassTickSystem.h">
      <Filter>Header Files\DX11\RenderPasses\Tick</Filter>
    </ClInclude>
    <ClInclude Include="DX11LineResourcesComponent.h">
      <Filter>Header Files\DX11\Components</Filter>
    </ClInclude>
    <ClInclude Include="DX11PreRenderPassTickSystem.h">
      <Filter>Header Files\DX11\RenderPasses\Tick</Filter>
    </ClInclude>
    <ClInclude Include="DX11PostRenderPassTickSystem.h">
      <Filter>Header Files\DX11\RenderPasses\Tick</Filter>
    </ClInclude>
    <ClInclude Include="DX11AmbientLightPassFrameSystem.h">
      <Filter>Header Files\DX11\RenderPasses\Frame\Light</Filter>
    </ClInclude>
    <ClInclude Include="DX11DirectionalLightPassFrameSystem.h">
      <Filter>Header Files\DX11\RenderPasses\Frame\Light</Filter>
    </ClInclude>
    <ClInclude Include="DX11PointLightPassFrameSystem.h">
      <Filter>Header Files\DX11\RenderPasses\Frame\Light</Filter>
    </ClInclude>
    <ClInclude Include="DX11AmbientLightPassTickSystem.h">
      <Filter>Header Files\DX11\RenderPasses\Tick\Light</Filter>
    </ClInclude>
    <ClInclude Include="DX11DirectionalLightPassTickSystem.h">
      <Filter>Header Files\DX11\RenderPasses\Tick\Light</Filter>
    </ClInclude>
    <ClInclude Include="DX11PointLightPassTickSystem.h">
      <Filter>Header Files\DX11\RenderPasses\Tick\Light</Filter>
    </ClInclude>
    <ClInclude Include="DX11PreLightPassTickSystem.h">
      <Filter>Header Files\DX11\RenderPasses\Tick\Light</Filter>
    </ClInclude>
  </ItemGroup>
  <ItemGroup>
    <ClCompile Include="pch.cpp">
      <Filter>Source Files</Filter>
    </ClCompile>
    <ClCompile Include="CameraUtils.cpp">
      <Filter>Source Files</Filter>
    </ClCompile>
    <ClCompile Include="DX11DepthStates.cpp">
      <Filter>Source Files\DX11</Filter>
    </ClCompile>
    <ClCompile Include="DX11GBuffer.cpp">
      <Filter>Source Files\DX11</Filter>
    </ClCompile>
    <ClCompile Include="DX11RasterizerStates.cpp">
      <Filter>Source Files\DX11</Filter>
    </ClCompile>
    <ClCompile Include="DX11RenderContext.cpp">
      <Filter>Source Files\DX11</Filter>
    </ClCompile>
    <ClCompile Include="DX11ShaderHelper.cpp">
      <Filter>Source Files\DX11</Filter>
    </ClCompile>
    <ClCompile Include="DX11TextureScaler.cpp">
      <Filter>Source Files\DX11</Filter>
    </ClCompile>
    <ClCompile Include="Colors.cpp">
      <Filter>Source Files</Filter>
    </ClCompile>
    <ClCompile Include="DebugUtils.cpp">
      <Filter>Source Files</Filter>
    </ClCompile>
    <ClCompile Include="DX11RenderPassSystemBase.cpp">
      <Filter>Source Files\DX11\RenderPasses</Filter>
    </ClCompile>
    <ClCompile Include="DX11AmbientLightPassFrameSystem.cpp">
      <Filter>Source Files\DX11\RenderPasses\Frame\Light</Filter>
    </ClCompile>
    <ClCompile Include="DX11DirectionalLightPassFrameSystem.cpp">
      <Filter>Source Files\DX11\RenderPasses\Frame\Light</Filter>
    </ClCompile>
    <ClCompile Include="DX11PointLightPassFrameSystem.cpp">
      <Filter>Source Files\DX11\RenderPasses\Frame\Light</Filter>
    </ClCompile>
    <ClCompile Include="DX11DebugPassFrameSystem.cpp">
      <Filter>Source Files\DX11\RenderPasses\Frame</Filter>
    </ClCompile>
    <ClCompile Include="DX11GeometryPassFrameSystem.cpp">
      <Filter>Source Files\DX11\RenderPasses\Frame</Filter>
    </ClCompile>
    <ClCompile Include="DX11AmbientLightPassTickSystem.cpp">
      <Filter>Source Files\DX11\RenderPasses\Tick\Light</Filter>
    </ClCompile>
    <ClCompile Include="DX11DirectionalLightPassTickSystem.cpp">
      <Filter>Source Files\DX11\RenderPasses\Tick\Light</Filter>
    </ClCompile>
    <ClCompile Include="DX11PointLightPassTickSystem.cpp">
      <Filter>Source Files\DX11\RenderPasses\Tick\Light</Filter>
    </ClCompile>
    <ClCompile Include="DX11PreLightPassTickSystem.cpp">
      <Filter>Source Files\DX11\RenderPasses\Tick\Light</Filter>
    </ClCompile>
    <ClCompile Include="DX11DebugPassTickSystem.cpp">
      <Filter>Source Files\DX11\RenderPasses\Tick</Filter>
    </ClCompile>
    <ClCompile Include="DX11GeometryPassTickSystem.cpp">
      <Filter>Source Files\DX11\RenderPasses\Tick</Filter>
    </ClCompile>
    <ClCompile Include="DX11PostRenderPassTickSystem.cpp">
      <Filter>Source Files\DX11\RenderPasses\Tick</Filter>
    </ClCompile>
    <ClCompile Include="DX11PreRenderPassTickSystem.cpp">
      <Filter>Source Files\DX11\RenderPasses\Tick</Filter>
    </ClCompile>
    <ClCompile Include="DX11TonePassTickSystem.cpp">
      <Filter>Source Files\DX11\RenderPasses\Tick</Filter>
    </ClCompile>
  </ItemGroup>
  <ItemGroup>
    <FxCompile Include="Content\GeometryPass.hlsl">
      <Filter>Shaders</Filter>
    </FxCompile>
    <FxCompile Include="Content\TonePass.hlsl">
      <Filter>Shaders</Filter>
    </FxCompile>
    <FxCompile Include="Content\AmbientLightPass.hlsl">
      <Filter>Shaders</Filter>
    </FxCompile>
    <FxCompile Include="Content\GBuffer.hlsl">
      <Filter>Shaders</Filter>
    </FxCompile>
    <FxCompile Include="Content\DirectionalLightPass.hlsl">
      <Filter>Shaders</Filter>
    </FxCompile>
    <FxCompile Include="Content\DebugPass.hlsl">
      <Filter>Shaders</Filter>
    </FxCompile>
    <FxCompile Include="Content\PointLightPass.hlsl">
      <Filter>Shaders</Filter>
    </FxCompile>
  </ItemGroup>
</Project>