<?xml version="1.0" encoding="utf-8"?>
<Project ToolsVersion="4.0" xmlns="http://schemas.microsoft.com/developer/msbuild/2003">
  <ItemGroup>
    <Filter Include="Source Files">
      <UniqueIdentifier>{4FC737F1-C7A5-4376-A066-2A32D752A2FF}</UniqueIdentifier>
      <Extensions>cpp;c;cc;cxx;c++;cppm;ixx;def;odl;idl;hpj;bat;asm;asmx</Extensions>
    </Filter>
    <Filter Include="Header Files">
      <UniqueIdentifier>{93995380-89BD-4b04-88EB-625FBE52EBFB}</UniqueIdentifier>
      <Extensions>h;hh;hpp;hxx;h++;hm;inl;inc;ipp;xsd</Extensions>
    </Filter>
    <Filter Include="Resource Files">
      <UniqueIdentifier>{67DA6AB6-F800-4c08-8B7A-83BB121AAD01}</UniqueIdentifier>
      <Extensions>rc;ico;cur;bmp;dlg;rc2;rct;bin;rgs;gif;jpg;jpeg;jpe;resx;tiff;tif;png;wav;mfcribbon-ms</Extensions>
    </Filter>
    <Filter Include="Header Files\DX11">
      <UniqueIdentifier>{14cff9bc-2370-425e-8484-b911cf3c1179}</UniqueIdentifier>
    </Filter>
    <Filter Include="Shaders">
      <UniqueIdentifier>{b87deada-9d0b-46a0-ba8d-d4b241de75b2}</UniqueIdentifier>
    </Filter>
    <Filter Include="Header Files\Components">
      <UniqueIdentifier>{6fdb202e-f372-4778-947b-4030f190c9f8}</UniqueIdentifier>
    </Filter>
    <Filter Include="Header Files\DX11\RenderPasses">
      <UniqueIdentifier>{c2353d62-4f70-4547-8be2-06c8020e6b8f}</UniqueIdentifier>
    </Filter>
    <Filter Include="Source Files\DX11">
      <UniqueIdentifier>{76ac7d6c-7247-4e6c-8ddc-8c49c054cc17}</UniqueIdentifier>
    </Filter>
    <Filter Include="Source Files\DX11\RenderPasses">
      <UniqueIdentifier>{093dce17-be03-4586-a2fb-6b54f8e659ed}</UniqueIdentifier>
    </Filter>
    <Filter Include="Header Files\DX11\RenderPasses\Light">
      <UniqueIdentifier>{df828ee9-8487-4378-ae9b-9c62a98ea354}</UniqueIdentifier>
    </Filter>
    <Filter Include="Source Files\DX11\RenderPasses\Light">
      <UniqueIdentifier>{5732ea77-8449-4707-b600-49988f114a5a}</UniqueIdentifier>
    </Filter>
    <Filter Include="Header Files\DX11\Components">
      <UniqueIdentifier>{4d8d2564-c6d4-4935-b5c7-118e0e058545}</UniqueIdentifier>
    </Filter>
  </ItemGroup>
  <ItemGroup>
    <ClInclude Include="framework.h">
      <Filter>Header Files</Filter>
    </ClInclude>
    <ClInclude Include="pch.h">
      <Filter>Header Files</Filter>
    </ClInclude>
    <ClInclude Include="DX11RenderContext.h">
      <Filter>Header Files\DX11</Filter>
    </ClInclude>
    <ClInclude Include="DX11GBuffer.h">
      <Filter>Header Files\DX11</Filter>
    </ClInclude>
    <ClInclude Include="DX11TextureScaler.h">
      <Filter>Header Files\DX11</Filter>
    </ClInclude>
    <ClInclude Include="Material.h">
      <Filter>Header Files</Filter>
    </ClInclude>
    <ClInclude Include="DX11BufferModels.h">
      <Filter>Header Files\DX11</Filter>
    </ClInclude>
    <ClInclude Include="CameraUtils.h">
      <Filter>Header Files</Filter>
    </ClInclude>
    <ClInclude Include="DX11ShaderHelper.h">
      <Filter>Header Files\DX11</Filter>
    </ClInclude>
    <ClInclude Include="DX11RasterizerStates.h">
      <Filter>Header Files\DX11</Filter>
    </ClInclude>
    <ClInclude Include="DX11DepthStates.h">
      <Filter>Header Files\DX11</Filter>
    </ClInclude>
    <ClInclude Include="CameraComponent.h">
      <Filter>Header Files\Components</Filter>
    </ClInclude>
    <ClInclude Include="Colors.h">
      <Filter>Header Files</Filter>
    </ClInclude>
    <ClInclude Include="DebugUtils.h">
      <Filter>Header Files</Filter>
    </ClInclude>
    <ClInclude Include="DX11RenderPassSystemBase.h">
      <Filter>Header Files\DX11\RenderPasses</Filter>
    </ClInclude>
    <ClInclude Include="DX11AmbientLightPassSystem.h">
      <Filter>Header Files\DX11\RenderPasses\Light</Filter>
    </ClInclude>
    <ClInclude Include="DX11DirectionalLightPassSystem.h">
      <Filter>Header Files\DX11\RenderPasses\Light</Filter>
    </ClInclude>
    <ClInclude Include="DX11PointLightPassSystem.h">
      <Filter>Header Files\DX11\RenderPasses\Light</Filter>
    </ClInclude>
    <ClInclude Include="DX11PreLightPassSystem.h">
      <Filter>Header Files\DX11\RenderPasses\Light</Filter>
    </ClInclude>
    <ClInclude Include="DX11RenderData.h">
      <Filter>Header Files\DX11</Filter>
    </ClInclude>
    <ClInclude Include="DX11DebugPassSystem.h">
      <Filter>Header Files\DX11\RenderPasses</Filter>
    </ClInclude>
    <ClInclude Include="DX11GeometryPassSystem.h">
      <Filter>Header Files\DX11\RenderPasses</Filter>
    </ClInclude>
    <ClInclude Include="DX11PostRenderPassSystem.h">
      <Filter>Header Files\DX11\RenderPasses</Filter>
    </ClInclude>
    <ClInclude Include="DX11PreRenderPassSystem.h">
      <Filter>Header Files\DX11\RenderPasses</Filter>
    </ClInclude>
    <ClInclude Include="DX11TonePassSystem.h">
      <Filter>Header Files\DX11\RenderPasses</Filter>
    </ClInclude>
    <ClInclude Include="DX11AmbientLightComponent.h">
      <Filter>Header Files\DX11\Components</Filter>
    </ClInclude>
    <ClInclude Include="DX11DirectionalLightComponent.h">
      <Filter>Header Files\DX11\Components</Filter>
    </ClInclude>
    <ClInclude Include="DX11LineComponent.h">
      <Filter>Header Files\DX11\Components</Filter>
    </ClInclude>
    <ClInclude Include="DX11PointLightComponent.h">
      <Filter>Header Files\DX11\Components</Filter>
    </ClInclude>
    <ClInclude Include="DX11RenderComponent.h">
      <Filter>Header Files\DX11\Components</Filter>
    </ClInclude>
  </ItemGroup>
  <ItemGroup>
    <ClCompile Include="pch.cpp">
      <Filter>Source Files</Filter>
    </ClCompile>
    <ClCompile Include="CameraUtils.cpp">
      <Filter>Source Files</Filter>
    </ClCompile>
    <ClCompile Include="DX11DepthStates.cpp">
      <Filter>Source Files\DX11</Filter>
    </ClCompile>
    <ClCompile Include="DX11GBuffer.cpp">
      <Filter>Source Files\DX11</Filter>
    </ClCompile>
    <ClCompile Include="DX11RasterizerStates.cpp">
      <Filter>Source Files\DX11</Filter>
    </ClCompile>
    <ClCompile Include="DX11RenderContext.cpp">
      <Filter>Source Files\DX11</Filter>
    </ClCompile>
    <ClCompile Include="DX11ShaderHelper.cpp">
      <Filter>Source Files\DX11</Filter>
    </ClCompile>
    <ClCompile Include="DX11TextureScaler.cpp">
      <Filter>Source Files\DX11</Filter>
    </ClCompile>
    <ClCompile Include="Colors.cpp">
      <Filter>Source Files</Filter>
    </ClCompile>
    <ClCompile Include="DebugUtils.cpp">
      <Filter>Source Files</Filter>
    </ClCompile>
    <ClCompile Include="DX11RenderPassSystemBase.cpp">
      <Filter>Source Files\DX11\RenderPasses</Filter>
    </ClCompile>
    <ClCompile Include="DX11AmbientLightPassSystem.cpp">
      <Filter>Source Files\DX11\RenderPasses\Light</Filter>
    </ClCompile>
    <ClCompile Include="DX11DirectionalLightPassSystem.cpp">
      <Filter>Source Files\DX11\RenderPasses\Light</Filter>
    </ClCompile>
    <ClCompile Include="DX11PointLightPassSystem.cpp">
      <Filter>Source Files\DX11\RenderPasses\Light</Filter>
    </ClCompile>
    <ClCompile Include="DX11PreLightPassSystem.cpp">
      <Filter>Source Files\DX11\RenderPasses\Light</Filter>
    </ClCompile>
    <ClCompile Include="DX11DebugPassSystem.cpp">
      <Filter>Source Files\DX11\RenderPasses</Filter>
    </ClCompile>
    <ClCompile Include="DX11GeometryPassSystem.cpp">
      <Filter>Source Files\DX11\RenderPasses</Filter>
    </ClCompile>
    <ClCompile Include="DX11PostRenderPassSystem.cpp">
      <Filter>Source Files\DX11\RenderPasses</Filter>
    </ClCompile>
    <ClCompile Include="DX11PreRenderPassSystem.cpp">
      <Filter>Source Files\DX11\RenderPasses</Filter>
    </ClCompile>
    <ClCompile Include="DX11TonePassSystem.cpp">
      <Filter>Source Files\DX11\RenderPasses</Filter>
    </ClCompile>
  </ItemGroup>
  <ItemGroup>
    <Text Include="Content\AmbientLightPass.hlsl">
      <Filter>Shaders</Filter>
    </Text>
    <Text Include="Content\DebugPass.hlsl">
      <Filter>Shaders</Filter>
    </Text>
    <Text Include="Content\DirectionalLightPass.hlsl">
      <Filter>Shaders</Filter>
    </Text>
    <Text Include="Content\GBuffer.hlsl">
      <Filter>Shaders</Filter>
    </Text>
    <Text Include="Content\GeometryPass.hlsl">
      <Filter>Shaders</Filter>
    </Text>
    <Text Include="Content\PointLightPass.hlsl">
      <Filter>Shaders</Filter>
    </Text>
    <Text Include="Content\TonePass.hlsl">
      <Filter>Shaders</Filter>
    </Text>
  </ItemGroup>
</Project>